{
  "name": "api-demo",
  "version": "0.6.7",
  "lockfileVersion": 2,
  "requires": true,
  "packages": {
    "": {
      "name": "api-demo",
      "version": "0.6.7",
      "dependencies": {
        "@tiki.vn/mini-html-parser2": "^0.0.4",
        "@tiki.vn/tini-ui": "0.16.1-rc.17",
        "query-string": "^7.0.1",
        "tiki-miniapp-tnx": "^0.1.1"
      },
      "devDependencies": {
        "prettier": "^2.3.2"
      }
    },
    "node_modules/@babel/runtime": {
      "version": "7.15.3",
      "resolved": "https://registry.npmjs.org/@babel/runtime/-/runtime-7.15.3.tgz",
      "integrity": "sha512-OvwMLqNXkCXSz1kSm58sEsNuhqOx/fKpnUnKnFB5v8uDda5bLNEHNgKPvhDN6IU0LDcnHQ90LlJ0Q6jnyBSIBA==",
      "dependencies": {
        "regenerator-runtime": "^0.13.4"
      },
      "engines": {
        "node": ">=6.9.0"
      }
    },
    "node_modules/@tiki.vn/mini-html-parser2": {
      "version": "0.0.4",
      "resolved": "https://registry.npmjs.org/@tiki.vn/mini-html-parser2/-/mini-html-parser2-0.0.4.tgz",
      "integrity": "sha512-sJ0JmEgfO8l2hL13hiQLE0CpeR07OTeCWOnQj/Q9LFs4pfOZNcU5MbvmuApdm9gn9n6Jh7rD7Z6aQG2Fayv12g==",
      "dependencies": {
        "domhandler": "^2.4.2",
        "entities": "^1.1.1",
        "events": "^3.0.0"
      }
    },
    "node_modules/@tiki.vn/tini-style": {
      "version": "0.16.0",
      "resolved": "https://registry.npmjs.org/@tiki.vn/tini-style/-/tini-style-0.16.0.tgz",
      "integrity": "sha512-9Ed52s03NYIGbH/HxAuLY5x+pTonLBbqgD7qhotIRyUajjN32dE8sFe8ZKxCvwQJwAcqNi1YpqZb5Tp81tycSg=="
    },
    "node_modules/@tiki.vn/tini-types": {
      "version": "0.3.1",
      "resolved": "https://registry.npmjs.org/@tiki.vn/tini-types/-/tini-types-0.3.1.tgz",
      "integrity": "sha512-aVed48jaz5lHF6NUK8ZiBg6fkuV0TbsQ0w/NPsDmypRnqi59rVYGseOC/kHGvEpCVq8WwJxLQmBWx0IMgbR5UQ==",
      "engines": {
        "npm": "*"
      }
    },
    "node_modules/@tiki.vn/tini-ui": {
      "version": "0.16.1-rc.17",
      "resolved": "https://registry.npmjs.org/@tiki.vn/tini-ui/-/tini-ui-0.16.1-rc.17.tgz",
      "integrity": "sha512-GgkcjpqRFHcOVrqgUA798UIMmQvqDPiDgyKcAvk3sqoqGSXWVEAbOC6TnJDy4peY3hNYgSkEGjSyq17zAB/oPQ==",
      "dependencies": {
        "@babel/runtime": "^7.15.3",
        "@tiki.vn/tini-style": "0.16.0",
        "@tiki.vn/tini-types": "^0.3.0"
      }
    },
    "node_modules/decode-uri-component": {
      "version": "0.2.2",
      "resolved": "https://registry.npmjs.org/decode-uri-component/-/decode-uri-component-0.2.2.tgz",
      "integrity": "sha512-FqUYQ+8o158GyGTrMFJms9qh3CqTKvAqgqsTnkLI8sKu0028orqBhxNMFkFen0zGyg6epACD32pjVk58ngIErQ==",
      "engines": {
        "node": ">=0.10"
      }
    },
    "node_modules/domelementtype": {
      "version": "1.3.1",
      "resolved": "https://registry.npmjs.org/domelementtype/-/domelementtype-1.3.1.tgz",
      "integrity": "sha512-BSKB+TSpMpFI/HOxCNr1O8aMOTZ8hT3pM3GQ0w/mWRmkhEDSFJkkyzz4XQsBV44BChwGkrDfMyjVD0eA2aFV3w=="
    },
    "node_modules/domhandler": {
      "version": "2.4.2",
      "resolved": "https://registry.npmjs.org/domhandler/-/domhandler-2.4.2.tgz",
      "integrity": "sha512-JiK04h0Ht5u/80fdLMCEmV4zkNh2BcoMFBmZ/91WtYZ8qVXSKjiw7fXMgFPnHcSZgOo3XdinHvmnDUeMf5R4wA==",
      "dependencies": {
        "domelementtype": "1"
      }
    },
    "node_modules/entities": {
      "version": "1.1.2",
      "resolved": "https://registry.npmjs.org/entities/-/entities-1.1.2.tgz",
      "integrity": "sha512-f2LZMYl1Fzu7YSBKg+RoROelpOaNrcGmE9AZubeDfrCEia483oW4MI4VyFd5VNHIgQ/7qm1I0wUHK1eJnn2y2w=="
    },
    "node_modules/events": {
      "version": "3.3.0",
      "resolved": "https://registry.npmjs.org/events/-/events-3.3.0.tgz",
      "integrity": "sha512-mQw+2fkQbALzQ7V0MY0IqdnXNOeTtP4r0lN9z7AAawCXgqea7bDii20AYrIBrFd/Hx0M2Ocz6S111CaFkUcb0Q==",
      "engines": {
        "node": ">=0.8.x"
      }
    },
    "node_modules/filter-obj": {
      "version": "1.1.0",
      "resolved": "https://registry.npmjs.org/filter-obj/-/filter-obj-1.1.0.tgz",
      "integrity": "sha1-mzERErxsYSehbgFsbF1/GeCAXFs= sha512-8rXg1ZnX7xzy2NGDVkBVaAy+lSlPNwad13BtgSlLuxfIslyt5Vg64U7tFcCt4WS1R0hvtnQybT/IyCkGZ3DpXQ==",
      "engines": {
        "node": ">=0.10.0"
      }
    },
    "node_modules/prettier": {
      "version": "2.3.2",
      "resolved": "https://registry.npmjs.org/prettier/-/prettier-2.3.2.tgz",
      "integrity": "sha512-lnJzDfJ66zkMy58OL5/NY5zp70S7Nz6KqcKkXYzn2tMVrNxvbqaBpg7H3qHaLxCJ5lNMsGuM8+ohS7cZrthdLQ==",
      "dev": true,
      "bin": {
        "prettier": "bin-prettier.js"
      },
      "engines": {
        "node": ">=10.13.0"
      }
    },
    "node_modules/query-string": {
      "version": "7.0.1",
      "resolved": "https://registry.npmjs.org/query-string/-/query-string-7.0.1.tgz",
      "integrity": "sha512-uIw3iRvHnk9to1blJCG3BTc+Ro56CBowJXKmNNAm3RulvPBzWLRqKSiiDk+IplJhsydwtuNMHi8UGQFcCLVfkA==",
      "dependencies": {
        "decode-uri-component": "^0.2.0",
        "filter-obj": "^1.1.0",
        "split-on-first": "^1.0.0",
        "strict-uri-encode": "^2.0.0"
      },
      "engines": {
        "node": ">=6"
      },
      "funding": {
        "url": "https://github.com/sponsors/sindresorhus"
      }
    },
    "node_modules/regenerator-runtime": {
      "version": "0.13.9",
      "resolved": "https://registry.npmjs.org/regenerator-runtime/-/regenerator-runtime-0.13.9.tgz",
      "integrity": "sha512-p3VT+cOEgxFsRRA9X4lkI1E+k2/CtnKtU4gcxyaCUreilL/vqI6CdZ3wxVUx3UOUg+gnUOQQcRI7BmSI656MYA=="
    },
    "node_modules/split-on-first": {
      "version": "1.1.0",
      "resolved": "https://registry.npmjs.org/split-on-first/-/split-on-first-1.1.0.tgz",
      "integrity": "sha512-43ZssAJaMusuKWL8sKUBQXHWOpq8d6CfN/u1p4gUzfJkM05C8rxTmYrkIPTXapZpORA6LkkzcUulJ8FqA7Uudw==",
      "engines": {
        "node": ">=6"
      }
    },
    "node_modules/strict-uri-encode": {
      "version": "2.0.0",
      "resolved": "https://registry.npmjs.org/strict-uri-encode/-/strict-uri-encode-2.0.0.tgz",
      "integrity": "sha1-ucczDHBChi9rFC3CdLvMWGbONUY= sha512-QwiXZgpRcKkhTj2Scnn++4PKtWsH0kpzZ62L2R6c/LUVYv7hVnZqcg2+sMuT6R7Jusu1vviK/MFsu6kNJfWlEQ==",
      "engines": {
        "node": ">=4"
      }
    },
    "node_modules/tiki-miniapp-tnx": {
      "version": "0.1.1",
      "resolved": "https://registry.npmjs.org/tiki-miniapp-tnx/-/tiki-miniapp-tnx-0.1.1.tgz",
      "integrity": "sha512-cIlIChSf/uu8tLCqTFj+YPyltkro2aTAhaESuG5khf/nOd7WGcDAux0YbzeoWSWpgAPz8sV6uf0Q6wlTJqGHTw==",
      "dependencies": {
        "@tiki.vn/tini-ui": "^0.1.2-rc.13"
      }
    },
    "node_modules/tiki-miniapp-tnx/node_modules/@tiki.vn/tini-style": {
      "version": "0.1.2-rc.36",
      "resolved": "https://registry.npmjs.org/@tiki.vn/tini-style/-/tini-style-0.1.2-rc.36.tgz",
      "integrity": "sha512-qD28yuiTAQkpKyMQjDEnebae5isGmu1IebITXLlEThk6nLEZ0gqG2JNjY/5aqBstj2Vw8G0FD2ctyOvETPDhGA=="
    },
    "node_modules/tiki-miniapp-tnx/node_modules/@tiki.vn/tini-ui": {
      "version": "0.1.2-rc.36",
      "resolved": "https://registry.npmjs.org/@tiki.vn/tini-ui/-/tini-ui-0.1.2-rc.36.tgz",
      "integrity": "sha512-pshQtbr/VPaKlm/6yiazNWhX1FiqH5/OGHhqzU8qCKFcFiD+g/PTWe+D3F1+OoAY3OJjyqSwLK12gjH/IWuP3Q==",
      "dependencies": {
        "@babel/runtime": "^7.15.3",
        "@tiki.vn/tini-style": "0.1.2-rc.36+82cd5d6"
      }
    }
  },
  "dependencies": {
    "@babel/runtime": {
      "version": "7.15.3",
      "resolved": "https://registry.npmjs.org/@babel/runtime/-/runtime-7.15.3.tgz",
      "integrity": "sha512-OvwMLqNXkCXSz1kSm58sEsNuhqOx/fKpnUnKnFB5v8uDda5bLNEHNgKPvhDN6IU0LDcnHQ90LlJ0Q6jnyBSIBA==",
      "requires": {
        "regenerator-runtime": "^0.13.4"
      }
    },
    "@tiki.vn/mini-html-parser2": {
      "version": "0.0.4",
      "resolved": "https://registry.npmjs.org/@tiki.vn/mini-html-parser2/-/mini-html-parser2-0.0.4.tgz",
      "integrity": "sha512-sJ0JmEgfO8l2hL13hiQLE0CpeR07OTeCWOnQj/Q9LFs4pfOZNcU5MbvmuApdm9gn9n6Jh7rD7Z6aQG2Fayv12g==",
      "requires": {
        "domhandler": "^2.4.2",
        "entities": "^1.1.1",
        "events": "^3.0.0"
      }
    },
    "@tiki.vn/tini-style": {
      "version": "0.16.0",
      "resolved": "https://registry.npmjs.org/@tiki.vn/tini-style/-/tini-style-0.16.0.tgz",
      "integrity": "sha512-9Ed52s03NYIGbH/HxAuLY5x+pTonLBbqgD7qhotIRyUajjN32dE8sFe8ZKxCvwQJwAcqNi1YpqZb5Tp81tycSg=="
    },
    "@tiki.vn/tini-types": {
      "version": "0.3.1",
      "resolved": "https://registry.npmjs.org/@tiki.vn/tini-types/-/tini-types-0.3.1.tgz",
      "integrity": "sha512-aVed48jaz5lHF6NUK8ZiBg6fkuV0TbsQ0w/NPsDmypRnqi59rVYGseOC/kHGvEpCVq8WwJxLQmBWx0IMgbR5UQ=="
    },
    "@tiki.vn/tini-ui": {
      "version": "0.16.1-rc.17",
      "resolved": "https://registry.npmjs.org/@tiki.vn/tini-ui/-/tini-ui-0.16.1-rc.17.tgz",
      "integrity": "sha512-GgkcjpqRFHcOVrqgUA798UIMmQvqDPiDgyKcAvk3sqoqGSXWVEAbOC6TnJDy4peY3hNYgSkEGjSyq17zAB/oPQ==",
      "requires": {
        "@babel/runtime": "^7.15.3",
        "@tiki.vn/tini-style": "0.16.0",
        "@tiki.vn/tini-types": "^0.3.0"
      }
    },
    "decode-uri-component": {
      "version": "0.2.2",
      "resolved": "https://registry.npmjs.org/decode-uri-component/-/decode-uri-component-0.2.2.tgz",
      "integrity": "sha512-FqUYQ+8o158GyGTrMFJms9qh3CqTKvAqgqsTnkLI8sKu0028orqBhxNMFkFen0zGyg6epACD32pjVk58ngIErQ=="
    },
    "domelementtype": {
      "version": "1.3.1",
      "resolved": "https://registry.npmjs.org/domelementtype/-/domelementtype-1.3.1.tgz",
      "integrity": "sha512-BSKB+TSpMpFI/HOxCNr1O8aMOTZ8hT3pM3GQ0w/mWRmkhEDSFJkkyzz4XQsBV44BChwGkrDfMyjVD0eA2aFV3w=="
    },
    "domhandler": {
      "version": "2.4.2",
      "resolved": "https://registry.npmjs.org/domhandler/-/domhandler-2.4.2.tgz",
      "integrity": "sha512-JiK04h0Ht5u/80fdLMCEmV4zkNh2BcoMFBmZ/91WtYZ8qVXSKjiw7fXMgFPnHcSZgOo3XdinHvmnDUeMf5R4wA==",
      "requires": {
        "domelementtype": "1"
      }
    },
    "entities": {
      "version": "1.1.2",
      "resolved": "https://registry.npmjs.org/entities/-/entities-1.1.2.tgz",
      "integrity": "sha512-f2LZMYl1Fzu7YSBKg+RoROelpOaNrcGmE9AZubeDfrCEia483oW4MI4VyFd5VNHIgQ/7qm1I0wUHK1eJnn2y2w=="
    },
    "events": {
      "version": "3.3.0",
      "resolved": "https://registry.npmjs.org/events/-/events-3.3.0.tgz",
      "integrity": "sha512-mQw+2fkQbALzQ7V0MY0IqdnXNOeTtP4r0lN9z7AAawCXgqea7bDii20AYrIBrFd/Hx0M2Ocz6S111CaFkUcb0Q=="
    },
    "filter-obj": {
      "version": "1.1.0",
      "resolved": "https://registry.npmjs.org/filter-obj/-/filter-obj-1.1.0.tgz",
      "integrity": "sha1-mzERErxsYSehbgFsbF1/GeCAXFs= sha512-8rXg1ZnX7xzy2NGDVkBVaAy+lSlPNwad13BtgSlLuxfIslyt5Vg64U7tFcCt4WS1R0hvtnQybT/IyCkGZ3DpXQ=="
    },
    "prettier": {
      "version": "2.3.2",
      "resolved": "https://registry.npmjs.org/prettier/-/prettier-2.3.2.tgz",
      "integrity": "sha512-lnJzDfJ66zkMy58OL5/NY5zp70S7Nz6KqcKkXYzn2tMVrNxvbqaBpg7H3qHaLxCJ5lNMsGuM8+ohS7cZrthdLQ==",
      "dev": true
    },
    "query-string": {
      "version": "7.0.1",
      "resolved": "https://registry.npmjs.org/query-string/-/query-string-7.0.1.tgz",
      "integrity": "sha512-uIw3iRvHnk9to1blJCG3BTc+Ro56CBowJXKmNNAm3RulvPBzWLRqKSiiDk+IplJhsydwtuNMHi8UGQFcCLVfkA==",
      "requires": {
        "decode-uri-component": "^0.2.0",
        "filter-obj": "^1.1.0",
        "split-on-first": "^1.0.0",
        "strict-uri-encode": "^2.0.0"
      }
    },
    "regenerator-runtime": {
      "version": "0.13.9",
      "resolved": "https://registry.npmjs.org/regenerator-runtime/-/regenerator-runtime-0.13.9.tgz",
      "integrity": "sha512-p3VT+cOEgxFsRRA9X4lkI1E+k2/CtnKtU4gcxyaCUreilL/vqI6CdZ3wxVUx3UOUg+gnUOQQcRI7BmSI656MYA=="
    },
    "split-on-first": {
      "version": "1.1.0",
      "resolved": "https://registry.npmjs.org/split-on-first/-/split-on-first-1.1.0.tgz",
      "integrity": "sha512-43ZssAJaMusuKWL8sKUBQXHWOpq8d6CfN/u1p4gUzfJkM05C8rxTmYrkIPTXapZpORA6LkkzcUulJ8FqA7Uudw=="
    },
    "strict-uri-encode": {
      "version": "2.0.0",
      "resolved": "https://registry.npmjs.org/strict-uri-encode/-/strict-uri-encode-2.0.0.tgz",
      "integrity": "sha1-ucczDHBChi9rFC3CdLvMWGbONUY= sha512-QwiXZgpRcKkhTj2Scnn++4PKtWsH0kpzZ62L2R6c/LUVYv7hVnZqcg2+sMuT6R7Jusu1vviK/MFsu6kNJfWlEQ=="
    },
    "tiki-miniapp-tnx": {
      "version": "0.1.1",
      "resolved": "https://registry.npmjs.org/tiki-miniapp-tnx/-/tiki-miniapp-tnx-0.1.1.tgz",
      "integrity": "sha512-cIlIChSf/uu8tLCqTFj+YPyltkro2aTAhaESuG5khf/nOd7WGcDAux0YbzeoWSWpgAPz8sV6uf0Q6wlTJqGHTw==",
      "requires": {
        "@tiki.vn/tini-ui": "^0.1.2-rc.13"
      },
      "dependencies": {
        "@tiki.vn/tini-style": {
          "version": "0.1.2-rc.36",
          "resolved": "https://registry.npmjs.org/@tiki.vn/tini-style/-/tini-style-0.1.2-rc.36.tgz",
          "integrity": "sha512-qD28yuiTAQkpKyMQjDEnebae5isGmu1IebITXLlEThk6nLEZ0gqG2JNjY/5aqBstj2Vw8G0FD2ctyOvETPDhGA=="
        },
        "@tiki.vn/tini-ui": {
          "version": "0.1.2-rc.36",
          "resolved": "https://registry.npmjs.org/@tiki.vn/tini-ui/-/tini-ui-0.1.2-rc.36.tgz",
          "integrity": "sha512-pshQtbr/VPaKlm/6yiazNWhX1FiqH5/OGHhqzU8qCKFcFiD+g/PTWe+D3F1+OoAY3OJjyqSwLK12gjH/IWuP3Q==",
          "requires": {
            "@babel/runtime": "^7.15.3",
            "@tiki.vn/tini-style": "0.1.2-rc.36+82cd5d6"
          }
        }
      }
    }
  }
}
