# THIS IS AN AUTOGENERATED FILE. DO NOT EDIT THIS FILE DIRECTLY.
# yarn lockfile v1


"@babel/runtime@^7.15.3":
  version "7.15.4"
  resolved "https://registry.yarnpkg.com/@babel/runtime/-/runtime-7.15.4.tgz#fd17d16bfdf878e6dd02d19753a39fa8a8d9c84a"
  integrity sha512-99catp6bHCaxr4sJ/DbTGgHS4+Rs2RVd2g7iOap6SLGPDknRK9ztKNsE/Fg6QhSeh1FGE5f6gHGQmvvn3I3xhw==
  dependencies:
    regenerator-runtime "^0.13.4"

"@tiki.vn/tini-style@0.1.1":
  version "0.1.1"
  resolved "https://registry.yarnpkg.com/@tiki.vn/tini-style/-/tini-style-0.1.1.tgz#6333d4b85e2a153443fadf25fd0127dc8c4d0ee4"
  integrity sha512-V0JVBhsYmQ7Ue/NZ770Do6SxnJ2uvchAu13Y2pGkSXgfNflLhAY7r/I8QOyfOxvFhlaMLLH4i1KF6amk+vw9NA==

"@tiki.vn/tini-ui@0.1.2-rc.24":
  version "0.1.2-rc.24"
  resolved "https://registry.yarnpkg.com/@tiki.vn/tini-ui/-/tini-ui-0.1.2-rc.24.tgz#e91693b9826d08bcd0ee9b038472845bff7a749f"
  integrity sha512-fZeT58ujcsgD1zydL1jjr4KpcvBLdulXHDc6PQG45J8RRrNsWC1e6XXQaesP6X1c7HJFsV1TTD8FFkNUWFZgMw==
  dependencies:
    "@babel/runtime" "^7.15.3"
    "@tiki.vn/tini-style" "0.1.1"

regenerator-runtime@^0.13.4:
  version "0.13.9"
  resolved "https://registry.yarnpkg.com/regenerator-runtime/-/regenerator-runtime-0.13.9.tgz#8925742a98ffd90814988d7566ad30ca3b263b52"
  integrity sha512-p3VT+cOEgxFsRRA9X4lkI1E+k2/CtnKtU4gcxyaCUreilL/vqI6CdZ3wxVUx3UOUg+gnUOQQcRI7BmSI656MYA==
