# THIS IS AN AUTOGENERATED FILE. DO NOT EDIT THIS FILE DIRECTLY.
# yarn lockfile v1


"@babel/runtime@^7.15.3":
  version "7.15.4"
  resolved "https://registry.yarnpkg.com/@babel/runtime/-/runtime-7.15.4.tgz#fd17d16bfdf878e6dd02d19753a39fa8a8d9c84a"
  integrity sha512-99catp6bHCaxr4sJ/DbTGgHS4+Rs2RVd2g7iOap6SLGPDknRK9ztKNsE/Fg6QhSeh1FGE5f6gHGQmvvn3I3xhw==
  dependencies:
    regenerator-runtime "^0.13.4"

"@tiki.vn/tini-style@0.2.0":
  version "0.2.0"
  resolved "https://registry.yarnpkg.com/@tiki.vn/tini-style/-/tini-style-0.2.0.tgz#13050a781964592c0f3c466e36f483e77847a884"
  integrity sha512-432+zAujZDororwOkP3UY4KhQgdNHH1oeT6ChPHVPg2u/f5yeMqSLzn5k7A9PU154W5dSseBMQoxAjwm0hG9RQ==

"@tiki.vn/tini-ui@0.2.1-rc.3":
  version "0.2.1-rc.3"
  resolved "https://registry.yarnpkg.com/@tiki.vn/tini-ui/-/tini-ui-0.2.1-rc.3.tgz#01f1852953e4743bea3073c3fea375056338503d"
  integrity sha512-8v7rSxp6CbO9l8yVE5Adef/nng5Xzcozkb1yUwG3SuqYYjJYve1YDqNk9uHBQqB0sZC31ks5Cr4Sq6AJNcfgoQ==
  dependencies:
    "@babel/runtime" "^7.15.3"
    "@tiki.vn/tini-style" "0.2.0"

regenerator-runtime@^0.13.4:
  version "0.13.9"
  resolved "https://registry.yarnpkg.com/regenerator-runtime/-/regenerator-runtime-0.13.9.tgz#8925742a98ffd90814988d7566ad30ca3b263b52"
  integrity sha512-p3VT+cOEgxFsRRA9X4lkI1E+k2/CtnKtU4gcxyaCUreilL/vqI6CdZ3wxVUx3UOUg+gnUOQQcRI7BmSI656MYA==
