# THIS IS AN AUTOGENERATED FILE. DO NOT EDIT THIS FILE DIRECTLY.
# yarn lockfile v1


"@tiki.vn/tini-style@0.1.1":
  version "0.1.1"
  resolved "https://registry.yarnpkg.com/@tiki.vn/tini-style/-/tini-style-0.1.1.tgz#6333d4b85e2a153443fadf25fd0127dc8c4d0ee4"
  integrity sha512-V0JVBhsYmQ7Ue/NZ770Do6SxnJ2uvchAu13Y2pGkSXgfNflLhAY7r/I8QOyfOxvFhlaMLLH4i1KF6amk+vw9NA==

"@tiki.vn/tini-ui@^0.1.1":
  version "0.1.1"
  resolved "https://registry.yarnpkg.com/@tiki.vn/tini-ui/-/tini-ui-0.1.1.tgz#0cb280095516c5413608c29f392ddb4897943e12"
  integrity sha512-4H4z1Vrxo9UdA64o0y4lvbtb/y8z0ZyD9dZIDUrR0bIymx/3Dh0IpZCdZNolqwNQ9YlECisJjSn4Id+RIrSzdA==
  dependencies:
    "@tiki.vn/tini-style" "0.1.1"

decode-uri-component@^0.2.0:
  version "0.2.0"
  resolved "https://registry.yarnpkg.com/decode-uri-component/-/decode-uri-component-0.2.0.tgz#eb3913333458775cb84cd1a1fae062106bb87545"
  integrity sha1-6zkTMzRYd1y4TNGh+uBiEGu4dUU=

filter-obj@^1.1.0:
  version "1.1.0"
  resolved "https://registry.yarnpkg.com/filter-obj/-/filter-obj-1.1.0.tgz#9b311112bc6c6127a16e016c6c5d7f19e0805c5b"
  integrity sha1-mzERErxsYSehbgFsbF1/GeCAXFs=

query-string@^7.0.1:
  version "7.0.1"
  resolved "https://registry.yarnpkg.com/query-string/-/query-string-7.0.1.tgz#45bd149cf586aaa582dffc7ec7a8ad97dd02f75d"
  integrity sha512-uIw3iRvHnk9to1blJCG3BTc+Ro56CBowJXKmNNAm3RulvPBzWLRqKSiiDk+IplJhsydwtuNMHi8UGQFcCLVfkA==
  dependencies:
    decode-uri-component "^0.2.0"
    filter-obj "^1.1.0"
    split-on-first "^1.0.0"
    strict-uri-encode "^2.0.0"

split-on-first@^1.0.0:
  version "1.1.0"
  resolved "https://registry.yarnpkg.com/split-on-first/-/split-on-first-1.1.0.tgz#f610afeee3b12bce1d0c30425e76398b78249a5f"
  integrity sha512-43ZssAJaMusuKWL8sKUBQXHWOpq8d6CfN/u1p4gUzfJkM05C8rxTmYrkIPTXapZpORA6LkkzcUulJ8FqA7Uudw==

strict-uri-encode@^2.0.0:
  version "2.0.0"
  resolved "https://registry.yarnpkg.com/strict-uri-encode/-/strict-uri-encode-2.0.0.tgz#b9c7330c7042862f6b142dc274bbcc5866ce3546"
  integrity sha1-ucczDHBChi9rFC3CdLvMWGbONUY=
